
Microsoft Visual Studio Solution File, Format Version 12.00
Project("{FAE04EC0-301F-11D3-BF4B-00C04F79EFBC}") = "Dai-Lete", "Dai-Lete\Dai-Lete.csproj", "{F815B8D7-06B5-4936-8F4E-75D3DA0783B0}"
EndProject
Global
	GlobalSection(SolutionConfigurationPlatforms) = preSolution
		Debug|Any CPU = Debug|Any CPU
		Release|Any CPU = Release|Any CPU
	EndGlobalSection
	GlobalSection(ProjectConfigurationPlatforms) = postSolution
		{F815B8D7-06B5-4936-8F4E-75D3DA0783B0}.Debug|Any CPU.ActiveCfg = Debug|Any CPU
		{F815B8D7-06B5-4936-8F4E-75D3DA0783B0}.Debug|Any CPU.Build.0 = Debug|Any CPU
		{F815B8D7-06B5-4936-8F4E-75D3DA0783B0}.Release|Any CPU.ActiveCfg = Release|Any CPU
		{F815B8D7-06B5-4936-8F4E-75D3DA0783B0}.Release|Any CPU.Build.0 = Release|Any CPU
	EndGlobalSection
EndGlobal
